dependencies:
- name: common
  repository: file://../common/
  version: 0.4.26
- name: suse-observability-sizing
  repository: file://../suse-observability-sizing
  version: 0.1.1
digest: sha256:0a350eb9f0e9b16d796cbd184ea5f6f284a735222a9d27f05708f5e628fff8a5
generated: "2025-12-10T11:49:00.554949+01:00"
