dependencies:
- name: common
  repository: file://../common/
  version: 0.4.27
- name: suse-observability-sizing
  repository: file://../suse-observability-sizing
  version: 0.1.6
digest: sha256:c2ee61c9e31e2dca963d1ffd5d2ea8689559af66e5e3630ebee503b013d8c6ae
generated: "2026-02-22T12:22:11.812695+01:00"
