dependencies:
- name: common
  repository: file://../common/
  version: 0.4.28
- name: suse-observability-sizing
  repository: file://../suse-observability-sizing
  version: 0.1.16
digest: sha256:b85380bb20e9343c201a7209893268865f691162c6a7a30d746ba74f6e4cb9d4
generated: "2026-04-22T18:12:53.329634389+02:00"
