dependencies:
- name: prometheus-elasticsearch-exporter
  repository: file://../prometheus-elasticsearch-exporter
  version: 5.8.0-suse-observability.1
- name: suse-observability-sizing
  repository: file://../suse-observability-sizing
  version: 0.1.1
digest: sha256:da94b70414b160380ec91598b189f2b37b26459a8fe88e1c79e9e25cf7a5e6b8
generated: "2025-12-10T11:30:13.564618+01:00"
