dependencies:
- name: bitnami-common
  repository: file://charts/common
  version: 1.12.0
- name: common
  repository: file://../common
  version: 0.4.28
- name: suse-observability-sizing
  repository: file://../suse-observability-sizing
  version: 0.1.16
digest: sha256:3a7f7034d2fdfc56dcc28ec4d91c701bd88c3f4841a9acfd98901366fc2a4ef2
generated: "2026-09-03T09:31:24.72880494+02:00"
