{
  "nodes": {
    "flake-utils": {
      "locked": {
        "lastModified": 1649676176,
        "narHash": "sha256-OWKJratjt2RW151VUlJPRALb7OU2S5s+f0vLj4o1bHM=",
        "owner": "numtide",
        "repo": "flake-utils",
        "rev": "a4b154ebbdc88c8498a5c7b01589addc9e9cb678",
        "type": "github"
      },
      "original": {
        "owner": "numtide",
        "repo": "flake-utils",
        "type": "github"
      }
    },
    "nixpkgs": {
      "locked": {
        "lastModified": 1651159825,
        "narHash": "sha256-Fp89erqmGWESRwSsUs29VYXfAsR8QfH+6v3hcKkYXDA=",
        "owner": "nixos",
        "repo": "nixpkgs",
        "rev": "35125d1278068e394921838f34fedf55e378746d",
        "type": "github"
      },
      "original": {
        "owner": "nixos",
        "repo": "nixpkgs",
        "type": "github"
      }
    },
    "nixpkgs-helm-docs": {
      "locked": {
        "lastModified": 1642631726,
        "narHash": "sha256-0iS8fsnFQb3x56Edp4xAjNRQxEIDux52LwEHlDjqODE=",
        "owner": "NixOS",
        "repo": "nixpkgs",
        "rev": "95732323ae530b399511ac9a4e654d2116ec079c",
        "type": "github"
      },
      "original": {
        "owner": "NixOS",
        "repo": "nixpkgs",
        "rev": "95732323ae530b399511ac9a4e654d2116ec079c",
        "type": "github"
      }
    },
    "root": {
      "inputs": {
        "flake-utils": "flake-utils",
        "nixpkgs": "nixpkgs",
        "nixpkgs-helm-docs": "nixpkgs-helm-docs"
      }
    }
  },
  "root": "root",
  "version": 7
}
