dependencies:
- name: common
  repository: https://helm.stackstate.io
  version: 0.3.1
- name: elasticsearch
  repository: https://helm.elastic.co
  version: 7.5.2
- name: hbase
  repository: https://helm.stackstate.io
  version: 0.1.19
- name: kafka
  repository: https://charts.bitnami.com
  version: 7.1.3
- name: zookeeper
  repository: https://charts.bitnami.com
  version: 5.3.4
digest: sha256:7eed9e96bee3368b355a56bae9b2c5c28f991d55e8763431fccaa5ff1a6f6854
generated: "2020-01-28T16:57:26.8699+01:00"
