dependencies:
- name: common
  repository: https://helm.stackstate.io
  version: 0.4.1
- name: elasticsearch
  repository: https://helm.elastic.co
  version: 7.5.2
- name: hbase
  repository: https://helm.stackstate.io
  version: 0.1.19
- name: kafka
  repository: https://charts.bitnami.com/bitnami
  version: 7.1.3
- name: zookeeper
  repository: https://charts.bitnami.com/bitnami
  version: 5.3.4
digest: sha256:588561521e2b86a583657cd20df909b9ff82372f46c5cb0b2e85555471017c6c
generated: "2020-02-10T12:25:06.25204+01:00"
