dependencies:
- name: http-header-injector
  repository: https://helm.stackstate.io
  version: 0.0.16
- name: kubernetes-rbac-agent
  repository: https://helm.stackstate.io
  version: 0.0.15
digest: sha256:ceb25143ca87aceacd355ec44bd02114c2a136921c3cedd35d5fdd7d4042b3c1
generated: "2025-08-04T16:43:04.792144823+02:00"
