dependencies:
- name: common
  repository: file://../common/
  version: 0.4.27
- name: suse-observability-sizing
  repository: file://../suse-observability-sizing
  version: 0.1.7
digest: sha256:a81572adae48af8c6aa4a227f6a0524ff40416f89e9433ad7b640eeb5688f976
generated: "2026-03-10T12:10:45.947889+01:00"
