dependencies:
- name: common
  repository: file://charts/common
  version: 1.12.0
- name: suse-observability-sizing
  repository: file://../suse-observability-sizing
  version: 0.1.16
digest: sha256:f24ba12556c130cf6b60c1be4c2b17fa2e851e35a3c81c67c89c6768f5a70915
generated: "2026-04-22T18:12:53.992734327+02:00"
