dependencies:
- name: common
  repository: https://charts.bitnami.com/bitnami
  version: 1.17.1
- name: suse-observability-sizing
  repository: file://../suse-observability-sizing
  version: 0.1.7
digest: sha256:65fab667e57fa2ffce9e64ee5e592c7300db10e18c9e8da9965316cfb3684808
generated: "2026-03-10T11:57:15.535992+01:00"
