dependencies:
- name: common
  repository: file://charts/common
  version: 2.1.2
- name: suse-observability-sizing
  repository: file://../suse-observability-sizing
  version: 0.1.7
digest: sha256:e11d13c2679ddaa749aacd835ce7492d8b22a8037400014a60a715a0ee683430
generated: "2026-03-10T11:57:04.864049+01:00"
