dependencies:
- name: common
  repository: https://charts.bitnami.com/bitnami
  version: 1.1.1
- name: zookeeper
  repository: https://charts.bitnami.com/bitnami
  version: 6.0.0
digest: sha256:71394c2ac212efe44e9d68f5d21dc2f5654138c8943ed6228764720f4182ef82
generated: "2021-11-29T11:42:22.045541599+01:00"
