dependencies:
- name: common
  repository: file://charts/common
  version: 2.1.2
- name: suse-observability-sizing
  repository: file://../suse-observability-sizing
  version: 0.1.9
digest: sha256:7b870e555cd342109854e1407d7261cd6b6c4bf917356f6efe13fb2d84588a0e
generated: "2026-03-11T15:07:54.532033527+01:00"
