dependencies:
- name: anomaly-detection
  repository: https://helm-test.stackstate.io
  version: 5.2.0-snapshot.143
- name: common
  repository: file://../common/
  version: 0.4.24
- name: elasticsearch
  repository: file://../elasticsearch/
  version: 8.11.4-stackstate.5
- name: hbase
  repository: file://../hbase/
  version: 0.2.50
- name: kafka
  repository: https://raw.githubusercontent.com/bitnami/charts/archive-full-index/bitnami
  version: 19.1.3
- name: kafkaup-operator
  repository: file://../kafkaup-operator/
  version: 0.1.7
- name: minio
  repository: file://../minio/
  version: 8.0.10-stackstate.9
- name: pull-secret
  repository: file://../pull-secret/
  version: 1.0.2
- name: zookeeper
  repository: https://raw.githubusercontent.com/bitnami/charts/eb5f9a9513d987b519f0ecd732e7031241c50328/bitnami
  version: 8.1.2
- name: victoria-metrics-single
  repository: file://../victoria-metrics-single/
  version: 0.8.53-stackstate.14
- name: victoria-metrics-single
  repository: file://../victoria-metrics-single/
  version: 0.8.53-stackstate.14
- name: victoria-metrics-cluster
  repository: file://../victoria-metrics-cluster
  version: 0.14.6-stackstate.0
- name: clickhouse
  repository: https://charts.bitnami.com/bitnami
  version: 3.6.9
- name: opentelemetry-collector
  repository: file://../opentelemetry-collector
  version: 0.108.0-stackstate.0
digest: sha256:b26e0eff28edb509a7b940da6c89237b450ab229bb9346527eb5f1108472bac2
generated: "2025-01-09T16:45:30.660513164+01:00"
