dependencies:
- name: anomaly-detection
  repository: file://../../local/anomaly-detection/
  version: 5.2.0
- name: common
  repository: file://../../local/common/
  version: 0.4.28
- name: suse-observability-sizing
  repository: file://../../local/suse-observability-sizing/
  version: 0.1.16
- name: elasticsearch
  repository: file://../../local/elasticsearch/
  version: 8.19.4
- name: hbase
  repository: file://../../local/hbase/
  version: 0.2.160
- name: kafka
  repository: file://../../local/kafka/
  version: 19.1.3
- name: kafkaup-operator
  repository: file://../../local/kafkaup-operator/
  version: 0.1.29
- name: pull-secret
  repository: file://../../local/pull-secret/
  version: 1.0.3
- name: zookeeper
  repository: file://../../local/zookeeper/
  version: 8.1.2
- name: victoria-metrics-single
  repository: file://../../local/victoria-metrics-single/
  version: 0.8.53
- name: victoria-metrics-single
  repository: file://../../local/victoria-metrics-single/
  version: 0.8.53
- name: clickhouse
  repository: file://../../local/clickhouse/
  version: 3.6.9
- name: opentelemetry-collector
  repository: file://../../local/opentelemetry-collector/
  version: 0.108.0
- name: kubernetes-rbac-agent
  repository: file://../../local/kubernetes-rbac-agent/
  version: 0.0.27
digest: sha256:b74e22e5a3e005c60d1d77e15821c47b7a4f3fba13177627377a7aa169bab020
generated: "2026-05-20T13:40:02.385547304+02:00"
