dependencies:
- name: common
  repository: file://../common/
  version: 0.4.28
- name: suse-observability-sizing
  repository: file://../suse-observability-sizing
  version: 0.1.13
digest: sha256:552df1c5d864f720c337e935089035460d239722e7c9f61a1f442a5a42a27814
generated: "2026-03-30T15:53:03.746162807+02:00"
