dependencies:
- name: common
  repository: file://../common/
  version: 0.4.28
- name: suse-observability-sizing
  repository: file://../suse-observability-sizing
  version: 0.1.15
digest: sha256:4f80bd33ad5986b58f547319f66248d775fc26f36b4de0ccf5fa5af345bd4392
generated: "2026-04-13T11:20:11.59508375+02:00"
