dependencies:
- name: common
  repository: file://../common/
  version: 0.4.27
- name: suse-observability-sizing
  repository: file://../suse-observability-sizing
  version: 0.1.2
digest: sha256:371663b3bf8233edc348706498281bc196608853ff33085142bdfef5756d6f84
generated: "2026-01-27T11:46:20.928366+01:00"
