dependencies:
- name: common
  repository: file://../common/
  version: 0.4.27
- name: suse-observability-sizing
  repository: file://../suse-observability-sizing
  version: 0.1.12
digest: sha256:3b41b056c313dd9ee7a3957e84695e5e5ed772941af80bccf5d01cc0df5d2d95
generated: "2026-03-13T08:56:02.192611285+01:00"
