dependencies:
- name: common
  repository: file://../common/
  version: 0.4.24
- name: zookeeper
  repository: https://raw.githubusercontent.com/bitnami/charts/eb5f9a9513d987b519f0ecd732e7031241c50328/bitnami
  version: 8.1.2
digest: sha256:13486e9c6ac6ffcedfb5234eb05ec3a1400162a2107d4610a46cb7a0d21c26d8
generated: "2023-07-27T12:00:24.53536889+02:00"
