dependencies:
- name: anomaly-detection
  repository: https://helm.stackstate.io
  version: 4.6.0-pre.0.rc.3
- name: cluster-agent
  repository: https://helm.stackstate.io
  version: 0.4.30
- name: common
  repository: https://helm.stackstate.io
  version: 0.4.17
- name: elasticsearch
  repository: https://helm.stackstate.io
  version: 7.6.2-stackstate.22
- name: hbase
  repository: https://helm.stackstate.io
  version: 0.1.114
- name: kafka
  repository: https://helm.stackstate.io
  version: 12.2.5-stackstate.0
- name: minio
  repository: https://helm.stackstate.io
  version: 8.0.10-stackstate.0
- name: zookeeper
  repository: https://charts.bitnami.com/bitnami
  version: 5.16.0
digest: sha256:7a34278b10dca2fdf3cf9c3967dc99addd6d2fb324772fc18e0e5d6cd2f5f192
generated: "2021-11-26T11:19:08.562323524Z"
