dependencies:
- name: anomaly-detection
  repository: https://helm.stackstate.io
  version: 4.3.0
- name: cluster-agent
  repository: https://helm.stackstate.io
  version: 0.4.11
- name: common
  repository: https://helm.stackstate.io
  version: 0.4.13
- name: elasticsearch
  repository: https://helm.stackstate.io
  version: 7.6.2-stackstate.11
- name: hbase
  repository: https://helm.stackstate.io
  version: 0.1.66
- name: kafka
  repository: https://helm.stackstate.io
  version: 12.2.5-stackstate.0
- name: minio
  repository: https://helm.min.io/
  version: 8.0.10
- name: zookeeper
  repository: https://charts.bitnami.com/bitnami
  version: 5.16.0
digest: sha256:5e57426e7ff400e0fb85aff8dc85153d37587acedac688a6a3688c0d54aa72b3
generated: "2021-04-10T14:17:23.600410189Z"
