dependencies:
- name: anomaly-detection
  repository: https://helm.stackstate.io
  version: 4.5.0-snapshot.25
- name: cluster-agent
  repository: https://helm.stackstate.io
  version: 0.4.22
- name: common
  repository: https://helm.stackstate.io
  version: 0.4.13
- name: elasticsearch
  repository: https://helm.stackstate.io
  version: 7.6.2-stackstate.14
- name: hbase
  repository: https://helm.stackstate.io
  version: 0.1.66
- name: kafka
  repository: https://helm.stackstate.io
  version: 12.2.5-stackstate.0
- name: minio
  repository: https://helm.min.io/
  version: 8.0.10
- name: zookeeper
  repository: https://charts.bitnami.com/bitnami
  version: 5.16.0
digest: sha256:70c84768778dc74406f17ff986b07f07f622742dfae12df3ffc729b1af778004
generated: "2021-09-03T14:08:48.54998709Z"
