dependencies:
- name: common
  repository: https://helm.stackstate.io
  version: 0.4.13
- name: elasticsearch
  repository: https://helm.stackstate.io
  version: 7.6.2-stackstate.8
- name: hbase
  repository: https://helm.stackstate.io
  version: 0.1.44
- name: kafka
  repository: https://charts.bitnami.com/bitnami
  version: 11.7.1
- name: zookeeper
  repository: https://charts.bitnami.com/bitnami
  version: 5.16.0
- name: anomaly-detection
  repository: https://helm.stackstate.io
  version: 4.1.27
- name: cluster-agent
  repository: https://helm.stackstate.io
  version: 0.4.9
digest: sha256:24308fed076f7b65f937e4b66286ef79ba3f1546d6b87042066bde49b7da2b67
generated: "2020-12-21T17:10:43.872970044+01:00"
