dependencies:
- name: common
  repository: https://helm.stackstate.io
  version: 0.4.8
- name: elasticsearch
  repository: https://helm.stackstate.io
  version: 7.6.2-stackstate.8
- name: hbase
  repository: https://helm.stackstate.io
  version: 0.1.44
- name: kafka
  repository: https://charts.bitnami.com/bitnami
  version: 11.7.1
- name: zookeeper
  repository: https://charts.bitnami.com/bitnami
  version: 5.16.0
- name: anomaly-detection
  repository: https://helm.stackstate.io
  version: 4.1.14
- name: cluster-agent
  repository: https://helm.stackstate.io
  version: 0.4.2
digest: sha256:236ffb390fa486294dbe4f50137d11191e798e9353b829380f31266fa4711eff
generated: "2020-09-11T14:50:18.110622157+02:00"
