dependencies:
- name: common
  repository: https://helm.stackstate.io
  version: 0.4.3
- name: elasticsearch
  repository: https://helm.stackstate.io
  version: 7.6.2-stackstate.3
- name: hbase
  repository: https://helm.stackstate.io
  version: 0.1.33
- name: kafka
  repository: https://charts.bitnami.com/bitnami
  version: 7.2.9
- name: zookeeper
  repository: https://charts.bitnami.com/bitnami
  version: 5.16.0
- name: anomaly-detection
  repository: https://helm.stackstate.io
  version: 4.1.6
digest: sha256:3ecb5a84c9fa927e60972f62e09b99d9a8cc1eeabf970673470278345463c1ad
generated: "2020-07-13T13:34:49.284307Z"
