dependencies:
- name: anomaly-detection
  repository: https://helm.stackstate.io
  version: 5.2.0-snapshot.76
- name: stackstate-k8s-agent
  repository: file://../stackstate-k8s-agent/
  version: 1.0.46
- name: common
  repository: file://../common/
  version: 0.4.24
- name: elasticsearch
  repository: file://../elasticsearch/
  version: 8.5.1-stackstate.2
- name: hbase
  repository: file://../hbase/
  version: 0.1.159
- name: kafka
  repository: https://raw.githubusercontent.com/bitnami/charts/eb5f9a9513d987b519f0ecd732e7031241c50328/bitnami
  version: 15.5.1
- name: kafkaup-operator
  repository: file://../kafkaup-operator/
  version: 0.1.7
- name: minio
  repository: file://../minio/
  version: 8.0.10-stackstate.8
- name: pull-secret
  repository: file://../pull-secret/
  version: 1.0.1
- name: zookeeper
  repository: https://raw.githubusercontent.com/bitnami/charts/eb5f9a9513d987b519f0ecd732e7031241c50328/bitnami
  version: 8.1.2
- name: victoria-metrics-single
  repository: https://victoriametrics.github.io/helm-charts
  version: 0.8.53
- name: victoria-metrics-single
  repository: https://victoriametrics.github.io/helm-charts
  version: 0.8.53
digest: sha256:eeb5d6ad01658bb8dc5fe625554e3a80a3eed3ab805ba78e44bad7877b425fba
generated: "2023-09-27T14:36:08.65709999Z"
