dependencies:
- name: common
  repository: file://charts/common
  version: 2.8.0
- name: suse-observability-sizing
  repository: file://../suse-observability-sizing
  version: 0.1.1
digest: sha256:c03282ee586087b08f39b9c5a6f8fc1b15ffb4cbefe531ceb72cbde49ba1370d
generated: "2025-12-10T11:24:24.4202+01:00"
