dependencies:
- name: common
  repository: file://charts/common
  version: 2.8.0
- name: suse-observability-sizing
  repository: file://../suse-observability-sizing
  version: 0.1.8
digest: sha256:5c6e1bf07a42e102727c3563c93ce251ffcc7e80e66b4f7e4ee49d58ac5771ba
generated: "2026-03-11T11:14:26.5921+01:00"
