dependencies:
- name: common
  repository: file://charts/common
  version: 2.8.0
- name: suse-observability-sizing
  repository: file://../suse-observability-sizing
  version: 0.1.4
digest: sha256:06d198d43e9fbfac44dd75f099cfe121b1580d5d23999af75e63ec2b1834f244
generated: "2026-02-10T15:13:35.535577+01:00"
