dependencies:
- name: common
  repository: file://../common
  version: 0.4.28
- name: suse-observability-sizing
  repository: file://../suse-observability-sizing
  version: 0.1.16
digest: sha256:bd7e4b8b359f74fdcb1b30ea4aaab23fd5665c75551da7630a4ced7fdc2809aa
generated: "2026-09-30T14:45:16.366823204+02:00"
